
Microsoft Visual Studio Solution File, Format Version 12.00
# Visual Studio 15
VisualStudioVersion = 15.0.28307.572
MinimumVisualStudioVersion = 10.0.40219.1
Project("{FAE04EC0-301F-11D3-BF4B-00C04F79EFBC}") = "The_Cleaners", "The_Cleaners\The_Cleaners.csproj", "{9985E925-18B2-4DA9-B63F-E8DEB3CEA80B}"
EndProject
Project("{FAE04EC0-301F-11D3-BF4B-00C04F79EFBC}") = "Test", "Test\Test.csproj", "{46FA7CB9-C35C-4F03-9C6D-5625C91F3392}"
EndProject
Global
	GlobalSection(SolutionConfigurationPlatforms) = preSolution
		Debug|Any CPU = Debug|Any CPU
		Release|Any CPU = Release|Any CPU
	EndGlobalSection
	GlobalSection(ProjectConfigurationPlatforms) = postSolution
		{9985E925-18B2-4DA9-B63F-E8DEB3CEA80B}.Debug|Any CPU.ActiveCfg = Debug|Any CPU
		{9985E925-18B2-4DA9-B63F-E8DEB3CEA80B}.Debug|Any CPU.Build.0 = Debug|Any CPU
		{9985E925-18B2-4DA9-B63F-E8DEB3CEA80B}.Release|Any CPU.ActiveCfg = Release|Any CPU
		{9985E925-18B2-4DA9-B63F-E8DEB3CEA80B}.Release|Any CPU.Build.0 = Release|Any CPU
		{46FA7CB9-C35C-4F03-9C6D-5625C91F3392}.Debug|Any CPU.ActiveCfg = Debug|Any CPU
		{46FA7CB9-C35C-4F03-9C6D-5625C91F3392}.Debug|Any CPU.Build.0 = Debug|Any CPU
		{46FA7CB9-C35C-4F03-9C6D-5625C91F3392}.Release|Any CPU.ActiveCfg = Release|Any CPU
		{46FA7CB9-C35C-4F03-9C6D-5625C91F3392}.Release|Any CPU.Build.0 = Release|Any CPU
	EndGlobalSection
	GlobalSection(SolutionProperties) = preSolution
		HideSolutionNode = FALSE
	EndGlobalSection
	GlobalSection(ExtensibilityGlobals) = postSolution
		SolutionGuid = {1A5373D0-278C-4648-AF3D-18181448DDFF}
	EndGlobalSection
EndGlobal
